
Microsoft Visual Studio Solution File, Format Version 12.00
# Visual Studio 14
VisualStudioVersion = 14.0.25123.0
MinimumVisualStudioVersion = 10.0.40219.1
Project("{FAE04EC0-301F-11D3-BF4B-00C04F79EFBC}") = "BotFactory.Common", "BotFactory.Common\BotFactory.Common.csproj", "{23D59664-3226-4C2C-89EE-7057B9001A2F}"
EndProject
Project("{FAE04EC0-301F-11D3-BF4B-00C04F79EFBC}") = "BotFactory.Factories", "BotFactory.Factories\BotFactory.Factories.csproj", "{0922A7CB-117B-4964-94C4-D3A1E72A60E0}"
EndProject
Project("{FAE04EC0-301F-11D3-BF4B-00C04F79EFBC}") = "BotFactory.FactoriesTests", "BotFactory.FactoriesTests\BotFactory.FactoriesTests.csproj", "{96682334-5D6D-4F1F-808E-F8B8AD925B50}"
EndProject
Project("{FAE04EC0-301F-11D3-BF4B-00C04F79EFBC}") = "BotFactory.Launcher", "BotFactory.Launcher\BotFactory.Launcher.csproj", "{075004C9-4C5F-4D63-AF2C-32563F450C10}"
EndProject
Project("{FAE04EC0-301F-11D3-BF4B-00C04F79EFBC}") = "BotFactory.Models", "BotFactory.Models\BotFactory.Models.csproj", "{EBBE5846-17B4-4A69-A89D-7879EB308351}"
EndProject
Project("{FAE04EC0-301F-11D3-BF4B-00C04F79EFBC}") = "BotFactory", "botfactory-master\BotFactory.csproj", "{90845D20-0A0B-4D85-B38C-4DF4A8FA2FAD}"
EndProject
Global
	GlobalSection(SolutionConfigurationPlatforms) = preSolution
		Debug|Any CPU = Debug|Any CPU
		Release|Any CPU = Release|Any CPU
	EndGlobalSection
	GlobalSection(ProjectConfigurationPlatforms) = postSolution
		{23D59664-3226-4C2C-89EE-7057B9001A2F}.Debug|Any CPU.ActiveCfg = Debug|Any CPU
		{23D59664-3226-4C2C-89EE-7057B9001A2F}.Debug|Any CPU.Build.0 = Debug|Any CPU
		{23D59664-3226-4C2C-89EE-7057B9001A2F}.Release|Any CPU.ActiveCfg = Release|Any CPU
		{23D59664-3226-4C2C-89EE-7057B9001A2F}.Release|Any CPU.Build.0 = Release|Any CPU
		{0922A7CB-117B-4964-94C4-D3A1E72A60E0}.Debug|Any CPU.ActiveCfg = Debug|Any CPU
		{0922A7CB-117B-4964-94C4-D3A1E72A60E0}.Debug|Any CPU.Build.0 = Debug|Any CPU
		{0922A7CB-117B-4964-94C4-D3A1E72A60E0}.Release|Any CPU.ActiveCfg = Release|Any CPU
		{0922A7CB-117B-4964-94C4-D3A1E72A60E0}.Release|Any CPU.Build.0 = Release|Any CPU
		{96682334-5D6D-4F1F-808E-F8B8AD925B50}.Debug|Any CPU.ActiveCfg = Debug|Any CPU
		{96682334-5D6D-4F1F-808E-F8B8AD925B50}.Debug|Any CPU.Build.0 = Debug|Any CPU
		{96682334-5D6D-4F1F-808E-F8B8AD925B50}.Release|Any CPU.ActiveCfg = Release|Any CPU
		{96682334-5D6D-4F1F-808E-F8B8AD925B50}.Release|Any CPU.Build.0 = Release|Any CPU
		{075004C9-4C5F-4D63-AF2C-32563F450C10}.Debug|Any CPU.ActiveCfg = Debug|Any CPU
		{075004C9-4C5F-4D63-AF2C-32563F450C10}.Debug|Any CPU.Build.0 = Debug|Any CPU
		{075004C9-4C5F-4D63-AF2C-32563F450C10}.Release|Any CPU.ActiveCfg = Release|Any CPU
		{075004C9-4C5F-4D63-AF2C-32563F450C10}.Release|Any CPU.Build.0 = Release|Any CPU
		{EBBE5846-17B4-4A69-A89D-7879EB308351}.Debug|Any CPU.ActiveCfg = Debug|Any CPU
		{EBBE5846-17B4-4A69-A89D-7879EB308351}.Debug|Any CPU.Build.0 = Debug|Any CPU
		{EBBE5846-17B4-4A69-A89D-7879EB308351}.Release|Any CPU.ActiveCfg = Release|Any CPU
		{EBBE5846-17B4-4A69-A89D-7879EB308351}.Release|Any CPU.Build.0 = Release|Any CPU
		{90845D20-0A0B-4D85-B38C-4DF4A8FA2FAD}.Debug|Any CPU.ActiveCfg = Debug|Any CPU
		{90845D20-0A0B-4D85-B38C-4DF4A8FA2FAD}.Debug|Any CPU.Build.0 = Debug|Any CPU
		{90845D20-0A0B-4D85-B38C-4DF4A8FA2FAD}.Release|Any CPU.ActiveCfg = Release|Any CPU
		{90845D20-0A0B-4D85-B38C-4DF4A8FA2FAD}.Release|Any CPU.Build.0 = Release|Any CPU
	EndGlobalSection
	GlobalSection(SolutionProperties) = preSolution
		HideSolutionNode = FALSE
	EndGlobalSection
EndGlobal
